{
  "name": ".rsvim",
  "lockfileVersion": 3,
  "requires": true,
  "packages": {
    "": {
      "dependencies": {
        "ex.rsvim": "^0.2.3"
      }
    },
    "node_modules/ex.rsvim": {
      "version": "0.2.3",
      "resolved": "https://registry.npmjs.org/ex.rsvim/-/ex.rsvim-0.2.3.tgz",
      "integrity": "sha512-Apyt6rB54vajcbUNW+EsTAXutWBqPNknUWW9PGgymH1X5/Z9Jqs9n13UnZf5uRCJBUJlQr4Q29xHnHARAZh/WA==",
      "license": "Vim"
    }
  }
}
