{
  "name": ".rsvim",
  "lockfileVersion": 3,
  "requires": true,
  "packages": {
    "": {
      "dependencies": {
        "@rsvim/ex.rsvim": "^0.2.0"
      }
    },
    "node_modules/@rsvim/ex.rsvim": {
      "version": "0.2.0",
      "resolved": "https://registry.npmjs.org/@rsvim/ex.rsvim/-/ex.rsvim-0.2.0.tgz",
      "integrity": "sha512-ICwFMibnOgwMO/S47NW2AKI8lxgAeRr8A32xaBenxBdJBCcELsiAZmmyJZ0VW6GkNyjUve3wpZcZMHZbiTUoMQ=="
    }
  }
}
